// !$*UTF8*$!
{
	archiveVersion = 1;
	classes = {
	};
	objectVersion = 46;
	objects = {

/* Begin PBXBuildFile section */
		214C5B991D7B8E15005B0BA7 /* sine_source.cpp in Sources */ = {isa = PBXBuildFile; fileRef = 214C5B971D7B8E15005B0BA7 /* sine_source.cpp */; };
		214C5BA01D7BC447005B0BA7 /* playback_chain.cpp in Sources */ = {isa = PBXBuildFile; fileRef = 214C5B9E1D7BC447005B0BA7 /* playback_chain.cpp */; };
		214C5BA31D7BC487005B0BA7 /* scheduler.cpp in Sources */ = {isa = PBXBuildFile; fileRef = 214C5BA11D7BC487005B0BA7 /* scheduler.cpp */; };
		214C5BA91D7BC69B005B0BA7 /* two_state_chain.cpp in Sources */ = {isa = PBXBuildFile; fileRef = 214C5BA71D7BC69B005B0BA7 /* two_state_chain.cpp */; };
		214C5BAD1D7BDED0005B0BA7 /* occasional_chain.cpp in Sources */ = {isa = PBXBuildFile; fileRef = 214C5BAB1D7BDED0005B0BA7 /* occasional_chain.cpp */; };
		21B2EE041D7CB2E9009CD7EC /* mixer.cpp in Sources */ = {isa = PBXBuildFile; fileRef = 21B2EE021D7CB2E9009CD7EC /* mixer.cpp */; };
		21B9132C1D7B535800F94C37 /* main.mm in Sources */ = {isa = PBXBuildFile; fileRef = 21B9132B1D7B535800F94C37 /* main.mm */; };
		21B913331D7B541300F94C37 /* CoreAudio.framework in Frameworks */ = {isa = PBXBuildFile; fileRef = 21B913321D7B541300F94C37 /* CoreAudio.framework */; };
		21B9133B1D7B5AD000F94C37 /* AudioUnit.framework in Frameworks */ = {isa = PBXBuildFile; fileRef = 21B9133A1D7B5AD000F94C37 /* AudioUnit.framework */; };
		21B9133E1D7B6F4700F94C37 /* core_audio_output.cpp in Sources */ = {isa = PBXBuildFile; fileRef = 21B9133C1D7B6F4700F94C37 /* core_audio_output.cpp */; };
/* End PBXBuildFile section */

/* Begin PBXCopyFilesBuildPhase section */
		21B913261D7B535800F94C37 /* CopyFiles */ = {
			isa = PBXCopyFilesBuildPhase;
			buildActionMask = 2147483647;
			dstPath = /usr/share/man/man1/;
			dstSubfolderSpec = 0;
			files = (
			);
			runOnlyForDeploymentPostprocessing = 1;
		};
/* End PBXCopyFilesBuildPhase section */

/* Begin PBXFileReference section */
		214C5B971D7B8E15005B0BA7 /* sine_source.cpp */ = {isa = PBXFileReference; fileEncoding = 4; lastKnownFileType = sourcecode.cpp.cpp; path = sine_source.cpp; sourceTree = "<group>"; };
		214C5B981D7B8E15005B0BA7 /* sine_source.hpp */ = {isa = PBXFileReference; fileEncoding = 4; lastKnownFileType = sourcecode.cpp.h; path = sine_source.hpp; sourceTree = "<group>"; };
		214C5B9A1D7B933E005B0BA7 /* constants.h */ = {isa = PBXFileReference; lastKnownFileType = sourcecode.c.h; path = constants.h; sourceTree = "<group>"; };
		214C5B9E1D7BC447005B0BA7 /* playback_chain.cpp */ = {isa = PBXFileReference; fileEncoding = 4; lastKnownFileType = sourcecode.cpp.cpp; path = playback_chain.cpp; sourceTree = "<group>"; };
		214C5B9F1D7BC447005B0BA7 /* playback_chain.hpp */ = {isa = PBXFileReference; fileEncoding = 4; lastKnownFileType = sourcecode.cpp.h; path = playback_chain.hpp; sourceTree = "<group>"; };
		214C5BA11D7BC487005B0BA7 /* scheduler.cpp */ = {isa = PBXFileReference; fileEncoding = 4; lastKnownFileType = sourcecode.cpp.cpp; path = scheduler.cpp; sourceTree = "<group>"; };
		214C5BA21D7BC487005B0BA7 /* scheduler.hpp */ = {isa = PBXFileReference; fileEncoding = 4; lastKnownFileType = sourcecode.cpp.h; path = scheduler.hpp; sourceTree = "<group>"; };
		214C5BA71D7BC69B005B0BA7 /* two_state_chain.cpp */ = {isa = PBXFileReference; fileEncoding = 4; lastKnownFileType = sourcecode.cpp.cpp; path = two_state_chain.cpp; sourceTree = "<group>"; };
		214C5BA81D7BC69B005B0BA7 /* two_state_chain.hpp */ = {isa = PBXFileReference; fileEncoding = 4; lastKnownFileType = sourcecode.cpp.h; path = two_state_chain.hpp; sourceTree = "<group>"; };
		214C5BAA1D7BD469005B0BA7 /* run_request.hpp */ = {isa = PBXFileReference; lastKnownFileType = sourcecode.cpp.h; path = run_request.hpp; sourceTree = "<group>"; };
		214C5BAB1D7BDED0005B0BA7 /* occasional_chain.cpp */ = {isa = PBXFileReference; fileEncoding = 4; lastKnownFileType = sourcecode.cpp.cpp; path = occasional_chain.cpp; sourceTree = "<group>"; };
		214C5BAC1D7BDED0005B0BA7 /* occasional_chain.hpp */ = {isa = PBXFileReference; fileEncoding = 4; lastKnownFileType = sourcecode.cpp.h; path = occasional_chain.hpp; sourceTree = "<group>"; };
		21B2EE021D7CB2E9009CD7EC /* mixer.cpp */ = {isa = PBXFileReference; fileEncoding = 4; lastKnownFileType = sourcecode.cpp.cpp; path = mixer.cpp; sourceTree = "<group>"; };
		21B2EE031D7CB2E9009CD7EC /* mixer.hpp */ = {isa = PBXFileReference; fileEncoding = 4; lastKnownFileType = sourcecode.cpp.h; path = mixer.hpp; sourceTree = "<group>"; };
		21B2EE071D7CB452009CD7EC /* playback_command.hpp */ = {isa = PBXFileReference; lastKnownFileType = sourcecode.cpp.h; path = playback_command.hpp; sourceTree = "<group>"; };
		21B913281D7B535800F94C37 /* audiosim */ = {isa = PBXFileReference; explicitFileType = "compiled.mach-o.executable"; includeInIndex = 0; path = audiosim; sourceTree = BUILT_PRODUCTS_DIR; };
		21B9132B1D7B535800F94C37 /* main.mm */ = {isa = PBXFileReference; lastKnownFileType = sourcecode.cpp.objcpp; path = main.mm; sourceTree = "<group>"; };
		21B913321D7B541300F94C37 /* CoreAudio.framework */ = {isa = PBXFileReference; lastKnownFileType = wrapper.framework; name = CoreAudio.framework; path = System/Library/Frameworks/CoreAudio.framework; sourceTree = SDKROOT; };
		21B9133A1D7B5AD000F94C37 /* AudioUnit.framework */ = {isa = PBXFileReference; lastKnownFileType = wrapper.framework; name = AudioUnit.framework; path = System/Library/Frameworks/AudioUnit.framework; sourceTree = SDKROOT; };
		21B9133C1D7B6F4700F94C37 /* core_audio_output.cpp */ = {isa = PBXFileReference; fileEncoding = 4; lastKnownFileType = sourcecode.cpp.cpp; path = core_audio_output.cpp; sourceTree = "<group>"; };
		21B9133D1D7B6F4700F94C37 /* core_audio_output.hpp */ = {isa = PBXFileReference; fileEncoding = 4; lastKnownFileType = sourcecode.cpp.h; path = core_audio_output.hpp; sourceTree = "<group>"; };
/* End PBXFileReference section */

/* Begin PBXFrameworksBuildPhase section */
		21B913251D7B535800F94C37 /* Frameworks */ = {
			isa = PBXFrameworksBuildPhase;
			buildActionMask = 2147483647;
			files = (
				21B9133B1D7B5AD000F94C37 /* AudioUnit.framework in Frameworks */,
				21B913331D7B541300F94C37 /* CoreAudio.framework in Frameworks */,
			);
			runOnlyForDeploymentPostprocessing = 0;
		};
/* End PBXFrameworksBuildPhase section */

/* Begin PBXGroup section */
		21B2EE051D7CB3BF009CD7EC /* playback_chains */ = {
			isa = PBXGroup;
			children = (
				214C5BAA1D7BD469005B0BA7 /* run_request.hpp */,
				214C5BAB1D7BDED0005B0BA7 /* occasional_chain.cpp */,
				214C5BAC1D7BDED0005B0BA7 /* occasional_chain.hpp */,
				214C5B9E1D7BC447005B0BA7 /* playback_chain.cpp */,
				214C5B9F1D7BC447005B0BA7 /* playback_chain.hpp */,
				214C5BA11D7BC487005B0BA7 /* scheduler.cpp */,
				214C5BA21D7BC487005B0BA7 /* scheduler.hpp */,
				214C5BA71D7BC69B005B0BA7 /* two_state_chain.cpp */,
				214C5BA81D7BC69B005B0BA7 /* two_state_chain.hpp */,
			);
			name = playback_chains;
			sourceTree = "<group>";
		};
		21B2EE061D7CB3D0009CD7EC /* mixer */ = {
			isa = PBXGroup;
			children = (
				21B2EE021D7CB2E9009CD7EC /* mixer.cpp */,
				21B2EE031D7CB2E9009CD7EC /* mixer.hpp */,
				21B2EE071D7CB452009CD7EC /* playback_command.hpp */,
			);
			name = mixer;
			sourceTree = "<group>";
		};
		21B2EE081D7CBB8F009CD7EC /* os_audio_output */ = {
			isa = PBXGroup;
			children = (
				21B9133C1D7B6F4700F94C37 /* core_audio_output.cpp */,
				21B9133D1D7B6F4700F94C37 /* core_audio_output.hpp */,
			);
			name = os_audio_output;
			sourceTree = "<group>";
		};
		21B9131F1D7B535800F94C37 = {
			isa = PBXGroup;
			children = (
				21B9133A1D7B5AD000F94C37 /* AudioUnit.framework */,
				21B913321D7B541300F94C37 /* CoreAudio.framework */,
				21B9132A1D7B535800F94C37 /* audiosim */,
				21B913291D7B535800F94C37 /* Products */,
			);
			sourceTree = "<group>";
		};
		21B913291D7B535800F94C37 /* Products */ = {
			isa = PBXGroup;
			children = (
				21B913281D7B535800F94C37 /* audiosim */,
			);
			name = Products;
			sourceTree = "<group>";
		};
		21B9132A1D7B535800F94C37 /* audiosim */ = {
			isa = PBXGroup;
			children = (
				21B2EE081D7CBB8F009CD7EC /* os_audio_output */,
				21B2EE061D7CB3D0009CD7EC /* mixer */,
				21B2EE051D7CB3BF009CD7EC /* playback_chains */,
				21B9132B1D7B535800F94C37 /* main.mm */,
				214C5B971D7B8E15005B0BA7 /* sine_source.cpp */,
				214C5B981D7B8E15005B0BA7 /* sine_source.hpp */,
				214C5B9A1D7B933E005B0BA7 /* constants.h */,
			);
			path = audiosim;
			sourceTree = "<group>";
		};
/* End PBXGroup section */

/* Begin PBXNativeTarget section */
		21B913271D7B535800F94C37 /* audiosim */ = {
			isa = PBXNativeTarget;
			buildConfigurationList = 21B9132F1D7B535800F94C37 /* Build configuration list for PBXNativeTarget "audiosim" */;
			buildPhases = (
				21B913241D7B535800F94C37 /* Sources */,
				21B913251D7B535800F94C37 /* Frameworks */,
				21B913261D7B535800F94C37 /* CopyFiles */,
			);
			buildRules = (
			);
			dependencies = (
			);
			name = audiosim;
			productName = audiosim;
			productReference = 21B913281D7B535800F94C37 /* audiosim */;
			productType = "com.apple.product-type.tool";
		};
/* End PBXNativeTarget section */

/* Begin PBXProject section */
		21B913201D7B535800F94C37 /* Project object */ = {
			isa = PBXProject;
			attributes = {
				LastUpgradeCheck = 0730;
				ORGANIZATIONNAME = "David Albrecht";
				TargetAttributes = {
					21B913271D7B535800F94C37 = {
						CreatedOnToolsVersion = 7.3.1;
					};
				};
			};
			buildConfigurationList = 21B913231D7B535800F94C37 /* Build configuration list for PBXProject "audiosim" */;
			compatibilityVersion = "Xcode 3.2";
			developmentRegion = English;
			hasScannedForEncodings = 0;
			knownRegions = (
				en,
			);
			mainGroup = 21B9131F1D7B535800F94C37;
			productRefGroup = 21B913291D7B535800F94C37 /* Products */;
			projectDirPath = "";
			projectRoot = "";
			targets = (
				21B913271D7B535800F94C37 /* audiosim */,
			);
		};
/* End PBXProject section */

/* Begin PBXSourcesBuildPhase section */
		21B913241D7B535800F94C37 /* Sources */ = {
			isa = PBXSourcesBuildPhase;
			buildActionMask = 2147483647;
			files = (
				214C5BA31D7BC487005B0BA7 /* scheduler.cpp in Sources */,
				214C5BA91D7BC69B005B0BA7 /* two_state_chain.cpp in Sources */,
				214C5BAD1D7BDED0005B0BA7 /* occasional_chain.cpp in Sources */,
				21B9133E1D7B6F4700F94C37 /* core_audio_output.cpp in Sources */,
				21B9132C1D7B535800F94C37 /* main.mm in Sources */,
				214C5B991D7B8E15005B0BA7 /* sine_source.cpp in Sources */,
				214C5BA01D7BC447005B0BA7 /* playback_chain.cpp in Sources */,
				21B2EE041D7CB2E9009CD7EC /* mixer.cpp in Sources */,
			);
			runOnlyForDeploymentPostprocessing = 0;
		};
/* End PBXSourcesBuildPhase section */

/* Begin XCBuildConfiguration section */
		21B9132D1D7B535800F94C37 /* Debug */ = {
			isa = XCBuildConfiguration;
			buildSettings = {
				ALWAYS_SEARCH_USER_PATHS = NO;
				CLANG_ANALYZER_NONNULL = YES;
				CLANG_CXX_LANGUAGE_STANDARD = "gnu++0x";
				CLANG_CXX_LIBRARY = "libc++";
				CLANG_ENABLE_MODULES = YES;
				CLANG_ENABLE_OBJC_ARC = YES;
				CLANG_WARN_BOOL_CONVERSION = YES;
				CLANG_WARN_CONSTANT_CONVERSION = YES;
				CLANG_WARN_DIRECT_OBJC_ISA_USAGE = YES_ERROR;
				CLANG_WARN_EMPTY_BODY = YES;
				CLANG_WARN_ENUM_CONVERSION = YES;
				CLANG_WARN_INT_CONVERSION = YES;
				CLANG_WARN_OBJC_ROOT_CLASS = YES_ERROR;
				CLANG_WARN_UNREACHABLE_CODE = YES;
				CLANG_WARN__DUPLICATE_METHOD_MATCH = YES;
				CODE_SIGN_IDENTITY = "-";
				COPY_PHASE_STRIP = NO;
				DEBUG_INFORMATION_FORMAT = dwarf;
				ENABLE_STRICT_OBJC_MSGSEND = YES;
				ENABLE_TESTABILITY = YES;
				GCC_C_LANGUAGE_STANDARD = gnu99;
				GCC_DYNAMIC_NO_PIC = NO;
				GCC_NO_COMMON_BLOCKS = YES;
				GCC_OPTIMIZATION_LEVEL = 0;
				GCC_PREPROCESSOR_DEFINITIONS = (
					"DEBUG=1",
					"$(inherited)",
				);
				GCC_WARN_64_TO_32_BIT_CONVERSION = YES;
				GCC_WARN_ABOUT_RETURN_TYPE = YES_ERROR;
				GCC_WARN_UNDECLARED_SELECTOR = YES;
				GCC_WARN_UNINITIALIZED_AUTOS = YES_AGGRESSIVE;
				GCC_WARN_UNUSED_FUNCTION = YES;
				GCC_WARN_UNUSED_VARIABLE = YES;
				MACOSX_DEPLOYMENT_TARGET = 10.11;
				MTL_ENABLE_DEBUG_INFO = YES;
				ONLY_ACTIVE_ARCH = YES;
				SDKROOT = macosx;
			};
			name = Debug;
		};
		21B9132E1D7B535800F94C37 /* Release */ = {
			isa = XCBuildConfiguration;
			buildSettings = {
				ALWAYS_SEARCH_USER_PATHS = NO;
				CLANG_ANALYZER_NONNULL = YES;
				CLANG_CXX_LANGUAGE_STANDARD = "gnu++0x";
				CLANG_CXX_LIBRARY = "libc++";
				CLANG_ENABLE_MODULES = YES;
				CLANG_ENABLE_OBJC_ARC = YES;
				CLANG_WARN_BOOL_CONVERSION = YES;
				CLANG_WARN_CONSTANT_CONVERSION = YES;
				CLANG_WARN_DIRECT_OBJC_ISA_USAGE = YES_ERROR;
				CLANG_WARN_EMPTY_BODY = YES;
				CLANG_WARN_ENUM_CONVERSION = YES;
				CLANG_WARN_INT_CONVERSION = YES;
				CLANG_WARN_OBJC_ROOT_CLASS = YES_ERROR;
				CLANG_WARN_UNREACHABLE_CODE = YES;
				CLANG_WARN__DUPLICATE_METHOD_MATCH = YES;
				CODE_SIGN_IDENTITY = "-";
				COPY_PHASE_STRIP = NO;
				DEBUG_INFORMATION_FORMAT = "dwarf-with-dsym";
				ENABLE_NS_ASSERTIONS = NO;
				ENABLE_STRICT_OBJC_MSGSEND = YES;
				GCC_C_LANGUAGE_STANDARD = gnu99;
				GCC_NO_COMMON_BLOCKS = YES;
				GCC_WARN_64_TO_32_BIT_CONVERSION = YES;
				GCC_WARN_ABOUT_RETURN_TYPE = YES_ERROR;
				GCC_WARN_UNDECLARED_SELECTOR = YES;
				GCC_WARN_UNINITIALIZED_AUTOS = YES_AGGRESSIVE;
				GCC_WARN_UNUSED_FUNCTION = YES;
				GCC_WARN_UNUSED_VARIABLE = YES;
				MACOSX_DEPLOYMENT_TARGET = 10.11;
				MTL_ENABLE_DEBUG_INFO = NO;
				SDKROOT = macosx;
			};
			name = Release;
		};
		21B913301D7B535800F94C37 /* Debug */ = {
			isa = XCBuildConfiguration;
			buildSettings = {
				PRODUCT_NAME = "$(TARGET_NAME)";
			};
			name = Debug;
		};
		21B913311D7B535800F94C37 /* Release */ = {
			isa = XCBuildConfiguration;
			buildSettings = {
				PRODUCT_NAME = "$(TARGET_NAME)";
			};
			name = Release;
		};
/* End XCBuildConfiguration section */

/* Begin XCConfigurationList section */
		21B913231D7B535800F94C37 /* Build configuration list for PBXProject "audiosim" */ = {
			isa = XCConfigurationList;
			buildConfigurations = (
				21B9132D1D7B535800F94C37 /* Debug */,
				21B9132E1D7B535800F94C37 /* Release */,
			);
			defaultConfigurationIsVisible = 0;
			defaultConfigurationName = Release;
		};
		21B9132F1D7B535800F94C37 /* Build configuration list for PBXNativeTarget "audiosim" */ = {
			isa = XCConfigurationList;
			buildConfigurations = (
				21B913301D7B535800F94C37 /* Debug */,
				21B913311D7B535800F94C37 /* Release */,
			);
			defaultConfigurationIsVisible = 0;
			defaultConfigurationName = Release;
		};
/* End XCConfigurationList section */
	};
	rootObject = 21B913201D7B535800F94C37 /* Project object */;
}
